# THIS IS AN AUTOGENERATED FILE. DO NOT EDIT THIS FILE DIRECTLY.
# yarn lockfile v1


"@mapbox/geojson-rewind@^0.5.2":
  version "0.5.2"
  resolved "https://registry.npmjs.org/@mapbox/geojson-rewind/-/geojson-rewind-0.5.2.tgz"
  integrity sha512-tJaT+RbYGJYStt7wI3cq4Nl4SXxG8W7JDG5DMJu97V25RnbNg3QtQtf+KD+VLjNpWKYsRvXDNmNrBgEETr1ifA==
  dependencies:
    get-stream "^6.0.1"
    minimist "^1.2.6"

"@mapbox/jsonlint-lines-primitives@^2.0.2", "@mapbox/jsonlint-lines-primitives@~2.0.2":
  version "2.0.2"
  resolved "https://registry.npmjs.org/@mapbox/jsonlint-lines-primitives/-/jsonlint-lines-primitives-2.0.2.tgz"
  integrity sha512-rY0o9A5ECsTQRVhv7tL/OyDpGAoUB4tTvLiW1DSzQGq4bvTPhNw1VpSNjDJc5GFZ2XuyOtSWSVN05qOtcD71qQ==

"@mapbox/mapbox-gl-supported@^2.0.1":
  version "2.0.1"
  resolved "https://registry.npmjs.org/@mapbox/mapbox-gl-supported/-/mapbox-gl-supported-2.0.1.tgz"
  integrity sha512-HP6XvfNIzfoMVfyGjBckjiAOQK9WfX0ywdLubuPMPv+Vqf5fj0uCbgBQYpiqcWZT6cbyyRnTSXDheT1ugvF6UQ==

"@mapbox/point-geometry@^0.1.0", "@mapbox/point-geometry@~0.1.0", "@mapbox/point-geometry@0.1.0":
  version "0.1.0"
  resolved "https://registry.npmjs.org/@mapbox/point-geometry/-/point-geometry-0.1.0.tgz"
  integrity sha512-6j56HdLTwWGO0fJPlrZtdU/B13q8Uwmo18Ck2GnGgN9PCFyKTZ3UbXeEdRFh18i9XQ92eH2VdtpJHpBD3aripQ==

"@mapbox/tiny-sdf@^2.0.6":
  version "2.0.6"
  resolved "https://registry.npmjs.org/@mapbox/tiny-sdf/-/tiny-sdf-2.0.6.tgz"
  integrity sha512-qMqa27TLw+ZQz5Jk+RcwZGH7BQf5G/TrutJhspsca/3SHwmgKQ1iq+d3Jxz5oysPVYTGP6aXxCo5Lk9Er6YBAA==

"@mapbox/unitbezier@^0.0.1":
  version "0.0.1"
  resolved "https://registry.npmjs.org/@mapbox/unitbezier/-/unitbezier-0.0.1.tgz"
  integrity sha512-nMkuDXFv60aBr9soUG5q+GvZYL+2KZHVvsqFCzqnkGEf46U2fvmytHaEVc1/YZbiLn8X+eR3QzX1+dwDO1lxlw==

"@mapbox/vector-tile@^1.3.1":
  version "1.3.1"
  resolved "https://registry.npmjs.org/@mapbox/vector-tile/-/vector-tile-1.3.1.tgz"
  integrity sha512-MCEddb8u44/xfQ3oD+Srl/tNcQoqTw3goGk2oLsrFxOTc3dUp+kAnby3PvAeeBYSMSjSPD1nd1AJA6W49WnoUw==
  dependencies:
    "@mapbox/point-geometry" "~0.1.0"

"@mapbox/whoots-js@^3.1.0":
  version "3.1.0"
  resolved "https://registry.npmjs.org/@mapbox/whoots-js/-/whoots-js-3.1.0.tgz"
  integrity sha512-Es6WcD0nO5l+2BOQS4uLfNPYQaNDfbot3X1XUoloz+x0mPDS3eeORZJl06HXjwBG1fOGwCRnzK88LMdxKRrd6Q==

"@maplibre/maplibre-gl-style-spec@^19.2.1":
  version "19.3.3"
  resolved "https://registry.npmjs.org/@maplibre/maplibre-gl-style-spec/-/maplibre-gl-style-spec-19.3.3.tgz"
  integrity sha512-cOZZOVhDSulgK0meTsTkmNXb1ahVvmTmWmfx9gRBwc6hq98wS9JP35ESIoNq3xqEan+UN+gn8187Z6E4NKhLsw==
  dependencies:
    "@mapbox/jsonlint-lines-primitives" "~2.0.2"
    "@mapbox/unitbezier" "^0.0.1"
    json-stringify-pretty-compact "^3.0.0"
    minimist "^1.2.8"
    rw "^1.3.3"
    sort-object "^3.0.3"

"@emotion/is-prop-valid@1.2.1":
  version "1.2.1"
  resolved "https://registry.npmjs.org/@emotion/is-prop-valid/-/is-prop-valid-1.2.1.tgz"
  integrity sha512-61Mf7Ufx4aDxx1xlDeOm8aFFigGHE4z+0sKCa+IHCeZKiyP9RLD0Mmx7m8b9/Cf37f7NAvQOOJAbQQGVr5uERw==
  dependencies:
    "@emotion/memoize" "^0.8.1"

"@emotion/memoize@^0.8.1":
  version "0.8.1"
  resolved "https://registry.npmjs.org/@emotion/memoize/-/memoize-0.8.1.tgz"
  integrity sha512-W2P2c/VRW1/1tLox0mVUalvnWXxavmv/Oum2aPsRcoDJuob75FC3Y8FbpfLwUegRcxINtGUMPq0tFCvYNTBXNA==

"@emotion/unitless@0.8.0":
  version "0.8.0"
  resolved "https://registry.npmjs.org/@emotion/unitless/-/unitless-0.8.0.tgz"
  integrity sha512-VINS5vEYAscRl2ZUDiT3uMPlrFQupiKgHz5AA4bCH1miKBg4qtwkim1qPmJj/4WG6TreYMY111rEFsjupcOKHw==

"@mappedin/mappedin-js@^5.26.0":
  version "5.26.0"
  resolved "https://registry.npmjs.org/@mappedin/mappedin-js/-/mappedin-js-5.26.0.tgz"
  integrity sha512-nHvOlckeAuvalnAcehYb6etCNWmsjr7cX5YeOwgtojnQjfro+LfDgaXSavyRkCFBrBG+FoZyHbsIZEoUFbeG8Q==

"@next/env@14.1.0":
  version "14.1.0"
  resolved "https://registry.npmjs.org/@next/env/-/env-14.1.0.tgz"
  integrity sha512-Py8zIo+02ht82brwwhTg36iogzFqGLPXlRGKQw5s+qP/kMNc4MAyDeEwBKDijk6zTIbegEgu8Qy7C1LboslQAw==

"@next/swc-darwin-arm64@14.1.0":
  version "14.1.0"
  resolved "https://registry.npmjs.org/@next/swc-darwin-arm64/-/swc-darwin-arm64-14.1.0.tgz"
  integrity sha512-nUDn7TOGcIeyQni6lZHfzNoo9S0euXnu0jhsbMOmMJUBfgsnESdjN97kM7cBqQxZa8L/bM9om/S5/1dzCrW6wQ==

"@swc/helpers@0.5.2":
  version "0.5.2"
  resolved "https://registry.npmjs.org/@swc/helpers/-/helpers-0.5.2.tgz"
  integrity sha512-E4KcWTpoLHqwPHLxidpOqQbcrZVgi0rsmmZXUle1jXmJfuIf/UWpczUJ7MZZ5tlxytgJXyp0w4PGkkeLiuIdZw==
  dependencies:
    tslib "^2.4.0"

"@types/geojson@*":
  version "7946.0.13"
  resolved "https://registry.npmjs.org/@types/geojson/-/geojson-7946.0.13.tgz"
  integrity sha512-bmrNrgKMOhM3WsafmbGmC+6dsF2Z308vLFsQ3a/bT8X8Sv5clVYpPars/UPq+sAaJP+5OoLAYgwbkS5QEJdLUQ==

"@types/mapbox-gl@^2.7.19", "@types/mapbox-gl@>=1.0.0":
  version "2.7.19"
  resolved "https://registry.npmjs.org/@types/mapbox-gl/-/mapbox-gl-2.7.19.tgz"
  integrity sha512-pkRdlhQJNbtwcKJSVC4uuOA6M3OlOObIMhNecqHB991oeaDF5XkjSIRaTE0lh5p4KClptSCxW6MBiREVRHrl2A==
  dependencies:
    "@types/geojson" "*"

"@types/node@^20":
  version "20.11.5"
  resolved "https://registry.npmjs.org/@types/node/-/node-20.11.5.tgz"
  integrity sha512-g557vgQjUUfN76MZAN/dt1z3dzcUsimuysco0KeluHgrPdJXkP/XdAURgyO2W9fZWHRtRBiVKzKn8vyOAwlG+w==
  dependencies:
    undici-types "~5.26.4"

"@types/prop-types@*":
  version "15.7.11"
  resolved "https://registry.npmjs.org/@types/prop-types/-/prop-types-15.7.11.tgz"
  integrity sha512-ga8y9v9uyeiLdpKddhxYQkxNDrfvuPrlFb0N1qnZZByvcElJaXthF1UhvCh9TLWJBEHeNtdnbysW7Y6Uq8CVng==

"@types/react-dom@^18":
  version "18.2.18"
  resolved "https://registry.npmjs.org/@types/react-dom/-/react-dom-18.2.18.tgz"
  integrity sha512-TJxDm6OfAX2KJWJdMEVTwWke5Sc/E/RlnPGvGfS0W7+6ocy2xhDVQVh/KvC2Uf7kACs+gDytdusDSdWfWkaNzw==
  dependencies:
    "@types/react" "*"

"@types/react@*", "@types/react@^18":
  version "18.2.48"
  resolved "https://registry.npmjs.org/@types/react/-/react-18.2.48.tgz"
  integrity sha512-qboRCl6Ie70DQQG9hhNREz81jqC1cs9EVNcjQ1AU+jH6NFfSAhVVbrrY/+nSF+Bsk4AOwm9Qa61InvMCyV+H3w==
  dependencies:
    "@types/prop-types" "*"
    "@types/scheduler" "*"
    csstype "^3.0.2"

"@types/scheduler@*":
  version "0.16.8"
  resolved "https://registry.npmjs.org/@types/scheduler/-/scheduler-0.16.8.tgz"
  integrity sha512-WZLiwShhwLRmeV6zH+GkbOFT6Z6VklCItrDioxUnv+u4Ll+8vKeFySoFyK/0ctcRpOmwAicELfmys1sDc/Rw+A==

arr-union@^3.1.0:
  version "3.1.0"
  resolved "https://registry.npmjs.org/arr-union/-/arr-union-3.1.0.tgz"
  integrity sha512-sKpyeERZ02v1FeCZT8lrfJq5u6goHCtpTAzPwJYe7c8SPFOboNjNg1vz2L4VTn9T4PQxEx13TbXLmYUcS6Ug7Q==

assign-symbols@^1.0.0:
  version "1.0.0"
  resolved "https://registry.npmjs.org/assign-symbols/-/assign-symbols-1.0.0.tgz"
  integrity sha512-Q+JC7Whu8HhmTdBph/Tq59IoRtoy6KAm5zzPv00WdujX82lbAL8K7WVjne7vdCsAmbF4AYaDOPyO3k0kl8qIrw==

"@types/stylis@4.2.0":
  version "4.2.0"
  resolved "https://registry.npmjs.org/@types/stylis/-/stylis-4.2.0.tgz"
  integrity sha512-n4sx2bqL0mW1tvDf/loQ+aMX7GQD3lc3fkCMC55VFNDu/vBOabO+LTIeXKM14xK0ppk5TUGcWRjiSpIlUpghKw==

busboy@1.6.0:
  version "1.6.0"
  resolved "https://registry.npmjs.org/busboy/-/busboy-1.6.0.tgz"
  integrity sha512-8SFQbg/0hQ9xy3UNTB0YEnsNBbWfhf7RtnzpL7TkBiTBRfrQ9Fxcnz7VJsleJpyp6rVLvXiuORqjlHi5q+PYuA==
  dependencies:
    streamsearch "^1.1.0"

bytewise-core@^1.2.2:
  version "1.2.3"
  resolved "https://registry.npmjs.org/bytewise-core/-/bytewise-core-1.2.3.tgz"
  integrity sha512-nZD//kc78OOxeYtRlVk8/zXqTB4gf/nlguL1ggWA8FuchMyOxcyHR4QPQZMUmA7czC+YnaBrPUCubqAWe50DaA==
  dependencies:
    typewise-core "^1.2"

bytewise@^1.1.0:
  version "1.1.0"
  resolved "https://registry.npmjs.org/bytewise/-/bytewise-1.1.0.tgz"
  integrity sha512-rHuuseJ9iQ0na6UDhnrRVDh8YnWVlU6xM3VH6q/+yHDeUH2zIhUzP+2/h3LIrhLDBtTqzWpE3p3tP/boefskKQ==
  dependencies:
    bytewise-core "^1.2.2"
    typewise "^1.0.3"

camelize@^1.0.0:
  version "1.0.1"
  resolved "https://registry.npmjs.org/camelize/-/camelize-1.0.1.tgz"
  integrity sha512-dU+Tx2fsypxTgtLoE36npi3UqcjSSMNYfkqgmoEhtZrraP5VWq0K7FkWVTYa8eMPtnU/G2txVsfdCJTn9uzpuQ==

caniuse-lite@^1.0.30001579:
  version "1.0.30001579"
  resolved "https://registry.npmjs.org/caniuse-lite/-/caniuse-lite-1.0.30001579.tgz"
  integrity sha512-u5AUVkixruKHJjw/pj9wISlcMpgFWzSrczLZbrqBSxukQixmg0SJ5sZTpvaFvxU0HoQKd4yoyAogyrAz9pzJnA==

cheap-ruler@^3.0.1:
  version "3.0.2"
  resolved "https://registry.npmjs.org/cheap-ruler/-/cheap-ruler-3.0.2.tgz"
  integrity sha512-02T332h1/HTN6cDSufLP8x4JzDs2+VC+8qZ/N0kWIVPyc2xUkWwWh3B2fJxR7raXkL4Mq7k554mfuM9ofv/vGg==

client-only@0.0.1:
  version "0.0.1"
  resolved "https://registry.npmjs.org/client-only/-/client-only-0.0.1.tgz"
  integrity sha512-IV3Ou0jSMzZrd3pZ48nLkT9DA7Ag1pnPzaiQhpW7c3RbcqqzvzzVu+L8gfqMp/8IM2MQtSiqaCxrrcfu8I8rMA==

csscolorparser@~1.0.3:
  version "1.0.3"
  resolved "https://registry.npmjs.org/csscolorparser/-/csscolorparser-1.0.3.tgz"
  integrity sha512-umPSgYwZkdFoUrH5hIq5kf0wPSXiro51nPw0j2K/c83KflkPSTBGMz6NJvMB+07VlL0y7VPo6QJcDjcgKTTm3w==

css-color-keywords@^1.0.0:
  version "1.0.0"
  resolved "https://registry.npmjs.org/css-color-keywords/-/css-color-keywords-1.0.0.tgz"
  integrity sha512-FyyrDHZKEjXDpNJYvVsV960FiqQyXc/LlYmsxl2BcdMb2WPx0OGRVgTg55rPSyLSNMqP52R9r8geSp7apN3Ofg==

css-to-react-native@3.2.0:
  version "3.2.0"
  resolved "https://registry.npmjs.org/css-to-react-native/-/css-to-react-native-3.2.0.tgz"
  integrity sha512-e8RKaLXMOFii+02mOlqwjbD00KSEKqblnpO9e++1aXS1fPQOpS1YoqdVHBqPjHNoxeF2mimzVqawm2KCbEdtHQ==
  dependencies:
    camelize "^1.0.0"
    css-color-keywords "^1.0.0"
    postcss-value-parser "^4.0.2"

csstype@^3.0.2:
  version "3.1.3"
  resolved "https://registry.npmjs.org/csstype/-/csstype-3.1.3.tgz"
  integrity sha512-M1uQkMl8rQK/szD0LNhtqxIPLpimGm8sOBwU7lLnCpSbTyY3yeU1Vc7l4KT5zT4s/yOxHH5O7tIuuLOCnLADRw==

earcut@^2.2.4:
  version "2.2.4"
  resolved "https://registry.npmjs.org/earcut/-/earcut-2.2.4.tgz"
  integrity sha512-/pjZsA1b4RPHbeWZQn66SWS8nZZWLQQ23oE3Eam7aroEFGEvwKAsJfZ9ytiEMycfzXWpca4FA9QIOehf7PocBQ==

extend-shallow@^2.0.1:
  version "2.0.1"
  resolved "https://registry.npmjs.org/extend-shallow/-/extend-shallow-2.0.1.tgz"
  integrity sha512-zCnTtlxNoAiDc3gqY2aYAWFx7XWWiasuF2K8Me5WbN8otHKTUKBwjPtNpRs/rbUZm7KxWAaNj7P1a/p52GbVug==
  dependencies:
    is-extendable "^0.1.0"

extend-shallow@^3.0.0:
  version "3.0.2"
  resolved "https://registry.npmjs.org/extend-shallow/-/extend-shallow-3.0.2.tgz"
  integrity sha512-BwY5b5Ql4+qZoefgMj2NUmx+tehVTH/Kf4k1ZEtOHNFcm2wSxMRo992l6X3TIgni2eZVTZ85xMOjF31fwZAj6Q==
  dependencies:
    assign-symbols "^1.0.0"
    is-extendable "^1.0.1"

geojson-vt@^3.2.1:
  version "3.2.1"
  resolved "https://registry.npmjs.org/geojson-vt/-/geojson-vt-3.2.1.tgz"
  integrity sha512-EvGQQi/zPrDA6zr6BnJD/YhwAkBP8nnJ9emh3EnHQKVMfg/MRVtPbMYdgVy/IaEmn4UfagD2a6fafPDL5hbtwg==

geolib@^3.3.4:
  version "3.3.4"
  resolved "https://registry.npmjs.org/geolib/-/geolib-3.3.4.tgz"
  integrity sha512-EicrlLLL3S42gE9/wde+11uiaYAaeSVDwCUIv2uMIoRBfNJCn8EsSI+6nS3r4TCKDO6+RQNM9ayLq2at+oZQWQ==

get-stream@^6.0.1:
  version "6.0.1"
  resolved "https://registry.npmjs.org/get-stream/-/get-stream-6.0.1.tgz"
  integrity sha512-ts6Wi+2j3jQjqi70w5AlN8DFnkSwC+MqmxEzdEALB2qXZYV3X/b1CTfgPLGJNMeAWxdPfU8FO1ms3NUfaHCPYg==

get-value@^2.0.2, get-value@^2.0.6:
  version "2.0.6"
  resolved "https://registry.npmjs.org/get-value/-/get-value-2.0.6.tgz"
  integrity sha512-Ln0UQDlxH1BapMu3GPtf7CuYNwRZf2gwCuPqbyG6pB8WfmFpzqcy4xtAaAMUhnNqjMKTiCPZG2oMT3YSx8U2NA==

gl-matrix@^3.4.3:
  version "3.4.3"
  resolved "https://registry.npmjs.org/gl-matrix/-/gl-matrix-3.4.3.tgz"
  integrity sha512-wcCp8vu8FT22BnvKVPjXa/ICBWRq/zjFfdofZy1WSpQZpphblv12/bOQLBC1rMM7SGOFS9ltVmKOHil5+Ml7gA==

csstype@3.1.2:
  version "3.1.2"
  resolved "https://registry.npmjs.org/csstype/-/csstype-3.1.2.tgz"
  integrity sha512-I7K1Uu0MBPzaFKg4nI5Q7Vs2t+3gWWW648spaF+Rg7pI9ds18Ugn+lvg4SHczUdKlHI5LWBXyqfS8+DufyBsgQ==

graceful-fs@^4.2.11:
  version "4.2.11"
  resolved "https://registry.npmjs.org/graceful-fs/-/graceful-fs-4.2.11.tgz"
  integrity sha512-RbJ5/jmFcNNCcDV5o9eTnBLJ/HszWV0P73bc+Ff4nS/rJj+YaS6IGyiOL0VoBYX+l1Wrl3k63h/KrH+nhJ0XvQ==

grid-index@^1.1.0:
  version "1.1.0"
  resolved "https://registry.npmjs.org/grid-index/-/grid-index-1.1.0.tgz"
  integrity sha512-HZRwumpOGUrHyxO5bqKZL0B0GlUpwtCAzZ42sgxUPniu33R1LSFH5yrIcBCHjkctCAh3mtWKcKd9J4vDDdeVHA==

ieee754@^1.1.12:
  version "1.2.1"
  resolved "https://registry.npmjs.org/ieee754/-/ieee754-1.2.1.tgz"
  integrity sha512-dcyqhDvX1C46lXZcVqCpK+FtMRQVdIMN6/Df5js2zouUsqG7I6sFxitIC+7KYK29KdXOLHdu9zL4sFnoVQnqaA==

is-extendable@^0.1.0, is-extendable@^0.1.1:
  version "0.1.1"
  resolved "https://registry.npmjs.org/is-extendable/-/is-extendable-0.1.1.tgz"
  integrity sha512-5BMULNob1vgFX6EjQw5izWDxrecWK9AM72rugNr0TFldMOi0fj6Jk+zeKIt0xGj4cEfQIJth4w3OKWOJ4f+AFw==

is-extendable@^1.0.1:
  version "1.0.1"
  resolved "https://registry.npmjs.org/is-extendable/-/is-extendable-1.0.1.tgz"
  integrity sha512-arnXMxT1hhoKo9k1LZdmlNyJdDDfy2v0fXjFlmok4+i8ul/6WlbVge9bhM74OpNPQPMGUToDtz+KXa1PneJxOA==
  dependencies:
    is-plain-object "^2.0.4"

is-plain-object@^2.0.3, is-plain-object@^2.0.4:
  version "2.0.4"
  resolved "https://registry.npmjs.org/is-plain-object/-/is-plain-object-2.0.4.tgz"
  integrity sha512-h5PpgXkWitc38BBMYawTYMWJHFZJVnBquFE57xFpjB8pJFiF6gZ+bU+WyI/yqXiFR5mdLsgYNaPe8uao6Uv9Og==
  dependencies:
    isobject "^3.0.1"

isobject@^3.0.1:
  version "3.0.1"
  resolved "https://registry.npmjs.org/isobject/-/isobject-3.0.1.tgz"
  integrity sha512-WhB9zCku7EGTj/HQQRz5aUQEUeoQZH2bWcltRErOpymJ4boYE6wL9Tbr23krRPSZ+C5zqNSrSw+Cc7sZZ4b7vg==

"js-tokens@^3.0.0 || ^4.0.0":
  version "4.0.0"
  resolved "https://registry.npmjs.org/js-tokens/-/js-tokens-4.0.0.tgz"
  integrity sha512-RdJUflcE3cUzKiMqQgsCu06FPu9UdIJO0beYbPhHN4k6apgJtifcoCtT9bcxOpYBtpD2kCM6Sbzg4CausW/PKQ==

json-stringify-pretty-compact@^3.0.0:
  version "3.0.0"
  resolved "https://registry.npmjs.org/json-stringify-pretty-compact/-/json-stringify-pretty-compact-3.0.0.tgz"
  integrity sha512-Rc2suX5meI0S3bfdZuA7JMFBGkJ875ApfVyq2WHELjBiiG22My/l7/8zPpH/CfFVQHuVLd8NLR0nv6vi0BYYKA==

kdbush@^4.0.1, kdbush@^4.0.2:
  version "4.0.2"
  resolved "https://registry.npmjs.org/kdbush/-/kdbush-4.0.2.tgz"
  integrity sha512-WbCVYJ27Sz8zi9Q7Q0xHC+05iwkm3Znipc2XTlrnJbsHMYktW4hPhXUE8Ys1engBrvffoSCqbil1JQAa7clRpA==

loose-envify@^1.1.0:
  version "1.4.0"
  resolved "https://registry.npmjs.org/loose-envify/-/loose-envify-1.4.0.tgz"
  integrity sha512-lyuxPGr/Wfhrlem2CL/UcnUc1zcqKAImBDzukY7Y5F/yQiNdko6+fRLevlw1HgMySw7f611UIY408EtxRSoK3Q==
  dependencies:
    js-tokens "^3.0.0 || ^4.0.0"

mapbox-gl@^3.1.0, mapbox-gl@>=1.13.0:
  version "3.1.0"
  resolved "https://registry.npmjs.org/mapbox-gl/-/mapbox-gl-3.1.0.tgz"
  integrity sha512-X6gaQ7WCNwMK6MnQn+rlq6ugzRItdE775TSzmyGPy0wN6hs/8PONi/G+hioeGV5ZyQ0a0BmvmF+gCUH0FBvavw==
  dependencies:
    "@mapbox/geojson-rewind" "^0.5.2"
    "@mapbox/jsonlint-lines-primitives" "^2.0.2"
    "@mapbox/mapbox-gl-supported" "^2.0.1"
    "@mapbox/point-geometry" "^0.1.0"
    "@mapbox/tiny-sdf" "^2.0.6"
    "@mapbox/unitbezier" "^0.0.1"
    "@mapbox/vector-tile" "^1.3.1"
    "@mapbox/whoots-js" "^3.1.0"
    cheap-ruler "^3.0.1"
    csscolorparser "~1.0.3"
    earcut "^2.2.4"
    geojson-vt "^3.2.1"
    gl-matrix "^3.4.3"
    grid-index "^1.1.0"
    kdbush "^4.0.1"
    murmurhash-js "^1.0.0"
    pbf "^3.2.1"
    potpack "^2.0.0"
    quickselect "^2.0.0"
    rw "^1.3.3"
    supercluster "^8.0.0"
    tinyqueue "^2.0.3"
    vt-pbf "^3.1.3"

minimist@^1.2.6, minimist@^1.2.8:
  version "1.2.8"
  resolved "https://registry.npmjs.org/minimist/-/minimist-1.2.8.tgz"
  integrity sha512-2yyAR8qBkN3YuheJanUpWC5U3bb5osDywNB8RzDVlDwDHbocAJveqqj1u8+SVD7jkWT4yvsHCpWqqWqAxb0zCA==

murmurhash-js@^1.0.0:
  version "1.0.0"
  resolved "https://registry.npmjs.org/murmurhash-js/-/murmurhash-js-1.0.0.tgz"
  integrity sha512-TvmkNhkv8yct0SVBSy+o8wYzXjE4Zz3PCesbfs8HiCXXdcTuocApFv11UWlNFWKYsP2okqrhb7JNlSm9InBhIw==

nanoid@^3.3.6:
  version "3.3.7"
  resolved "https://registry.npmjs.org/nanoid/-/nanoid-3.3.7.tgz"
  integrity sha512-eSRppjcPIatRIMC1U6UngP8XFcz8MQWGQdt1MTBQ7NaAmvXDfvNxbvWV3x2y6CdEUciCSsDHDQZbhYaB8QEo2g==

next@14.1.0:
  version "14.1.0"
  resolved "https://registry.npmjs.org/next/-/next-14.1.0.tgz"
  integrity sha512-wlzrsbfeSU48YQBjZhDzOwhWhGsy+uQycR8bHAOt1LY1bn3zZEcDyHQOEoN3aWzQ8LHCAJ1nqrWCc9XF2+O45Q==
  dependencies:
    "@next/env" "14.1.0"
    "@swc/helpers" "0.5.2"
    busboy "1.6.0"
    caniuse-lite "^1.0.30001579"
    graceful-fs "^4.2.11"
    postcss "8.4.31"
    styled-jsx "5.1.1"
  optionalDependencies:
    "@next/swc-darwin-arm64" "14.1.0"
    "@next/swc-darwin-x64" "14.1.0"
    "@next/swc-linux-arm64-gnu" "14.1.0"
    "@next/swc-linux-arm64-musl" "14.1.0"
    "@next/swc-linux-x64-gnu" "14.1.0"
    "@next/swc-linux-x64-musl" "14.1.0"
    "@next/swc-win32-arm64-msvc" "14.1.0"
    "@next/swc-win32-ia32-msvc" "14.1.0"
    "@next/swc-win32-x64-msvc" "14.1.0"

pbf@^3.2.1:
  version "3.2.1"
  resolved "https://registry.npmjs.org/pbf/-/pbf-3.2.1.tgz"
  integrity sha512-ClrV7pNOn7rtmoQVF4TS1vyU0WhYRnP92fzbfF75jAIwpnzdJXf8iTd4CMEqO4yUenH6NDqLiwjqlh6QgZzgLQ==
  dependencies:
    ieee754 "^1.1.12"
    resolve-protobuf-schema "^2.1.0"

picocolors@^1.0.0:
  version "1.0.0"
  resolved "https://registry.npmjs.org/picocolors/-/picocolors-1.0.0.tgz"
  integrity sha512-1fygroTLlHu66zi26VoTDv8yRgm0Fccecssto+MhsZ0D/DGW2sm8E8AjW7NU5VVTRt5GxbeZ5qBuJr+HyLYkjQ==

postcss-value-parser@^4.0.2:
  version "4.2.0"
  resolved "https://registry.npmjs.org/postcss-value-parser/-/postcss-value-parser-4.2.0.tgz"
  integrity sha512-1NNCs6uurfkVbeXG4S8JFT9t19m45ICnif8zWLd5oPSZ50QnwMfK+H3jv408d4jw/7Bttv5axS5IiHoLaVNHeQ==

postcss@8.4.31:
  version "8.4.31"
  resolved "https://registry.npmjs.org/postcss/-/postcss-8.4.31.tgz"
  integrity sha512-PS08Iboia9mts/2ygV3eLpY5ghnUcfLV/EXTOW1E2qYxJKGGBUtNjN76FYHnMs36RmARn41bC0AZmn+rR0OVpQ==
  dependencies:
    nanoid "^3.3.6"
    picocolors "^1.0.0"
    source-map-js "^1.0.2"

potpack@^2.0.0:
  version "2.0.0"
  resolved "https://registry.npmjs.org/potpack/-/potpack-2.0.0.tgz"
  integrity sha512-Q+/tYsFU9r7xoOJ+y/ZTtdVQwTWfzjbiXBDMM/JKUux3+QPP02iUuIoeBQ+Ot6oEDlC+/PGjB/5A3K7KKb7hcw==

protocol-buffers-schema@^3.3.1:
  version "3.6.0"
  resolved "https://registry.npmjs.org/protocol-buffers-schema/-/protocol-buffers-schema-3.6.0.tgz"
  integrity sha512-TdDRD+/QNdrCGCE7v8340QyuXd4kIWIgapsE2+n/SaGiSSbomYl4TjHlvIoCWRpE7wFt02EpB35VVA2ImcBVqw==

quickselect@^2.0.0:
  version "2.0.0"
  resolved "https://registry.npmjs.org/quickselect/-/quickselect-2.0.0.tgz"
  integrity sha512-RKJ22hX8mHe3Y6wH/N3wCM6BWtjaxIyyUIkpHOvfFnxdI4yD4tBXEBKSbriGujF6jnSVkJrffuo6vxACiSSxIw==

react-dom@^18, react-dom@^18.2.0, react-dom@>=16.3.0:
  version "18.2.0"
  resolved "https://registry.npmjs.org/react-dom/-/react-dom-18.2.0.tgz"
  integrity sha512-6IMTriUmvsjHUjNtEDudZfuDQUoWXVxKHhlEGSk81n4YFS+r/Kl99wXiwlVXtPBtJenozv2P+hxDsw9eA7Xo6g==
  dependencies:
    loose-envify "^1.1.0"
    scheduler "^0.23.0"

react-icons@^5.0.1:
  version "5.0.1"
  resolved "https://registry.npmjs.org/react-icons/-/react-icons-5.0.1.tgz"
  integrity sha512-WqLZJ4bLzlhmsvme6iFdgO8gfZP17rfjYEJ2m9RsZjZ+cc4k1hTzknEz63YS1MeT50kVzoa1Nz36f4BEx+Wigw==

react-map-gl@^7.1.7:
  version "7.1.7"
  resolved "https://registry.npmjs.org/react-map-gl/-/react-map-gl-7.1.7.tgz"
  integrity sha512-mwjc0obkBJOXCcoXQr3VoLqmqwo9vS4bXfbGsdxXzEgVCv/PM0v+1QggL7W0d/ccIy+VCjbXNlGij+PENz6VNg==
  dependencies:
    "@maplibre/maplibre-gl-style-spec" "^19.2.1"
    "@types/mapbox-gl" ">=1.0.0"

react@*, react@^18, react@^18.2.0, "react@>= 16.8.0 || 17.x.x || ^18.0.0-0", react@>=16.3.0:
  version "18.2.0"
  resolved "https://registry.npmjs.org/react/-/react-18.2.0.tgz"
  integrity sha512-/3IjMdb2L9QbBdWiW5e3P2/npwMBaU9mHCSCUzNln0ZCYbcfTsGbTJrU/kGemdH2IWmB2ioZ+zkxtmq6g09fGQ==
  dependencies:
    loose-envify "^1.1.0"

resolve-protobuf-schema@^2.1.0:
  version "2.1.0"
  resolved "https://registry.npmjs.org/resolve-protobuf-schema/-/resolve-protobuf-schema-2.1.0.tgz"
  integrity sha512-kI5ffTiZWmJaS/huM8wZfEMer1eRd7oJQhDuxeCLe3t7N7mX3z94CN0xPxBQxFYQTSNz9T0i+v6inKqSdK8xrQ==
  dependencies:
    protocol-buffers-schema "^3.3.1"

rw@^1.3.3:
  version "1.3.3"
  resolved "https://registry.npmjs.org/rw/-/rw-1.3.3.tgz"
  integrity sha512-PdhdWy89SiZogBLaw42zdeqtRJ//zFd2PgQavcICDUgJT5oW10QCRKbJ6bg4r0/UY2M6BWd5tkxuGFRvCkgfHQ==

scheduler@^0.23.0:
  version "0.23.0"
  resolved "https://registry.npmjs.org/scheduler/-/scheduler-0.23.0.tgz"
  integrity sha512-CtuThmgHNg7zIZWAXi3AsyIzA3n4xx7aNyjwC2VJldO2LMVDhFK+63xGqq6CsJH4rTAt6/M+N4GhZiDYPx9eUw==
  dependencies:
    loose-envify "^1.1.0"

set-value@^2.0.1:
  version "2.0.1"
  resolved "https://registry.npmjs.org/set-value/-/set-value-2.0.1.tgz"
  integrity sha512-JxHc1weCN68wRY0fhCoXpyK55m/XPHafOmK4UWD7m2CI14GMcFypt4w/0+NV5f/ZMby2F6S2wwA7fgynh9gWSw==
  dependencies:
    extend-shallow "^2.0.1"
    is-extendable "^0.1.1"
    is-plain-object "^2.0.3"
    split-string "^3.0.1"

sort-asc@^0.2.0:
  version "0.2.0"
  resolved "https://registry.npmjs.org/sort-asc/-/sort-asc-0.2.0.tgz"
  integrity sha512-umMGhjPeHAI6YjABoSTrFp2zaBtXBej1a0yKkuMUyjjqu6FJsTF+JYwCswWDg+zJfk/5npWUUbd33HH/WLzpaA==

sort-desc@^0.2.0:
  version "0.2.0"
  resolved "https://registry.npmjs.org/sort-desc/-/sort-desc-0.2.0.tgz"
  integrity sha512-NqZqyvL4VPW+RAxxXnB8gvE1kyikh8+pR+T+CXLksVRN9eiQqkQlPwqWYU0mF9Jm7UnctShlxLyAt1CaBOTL1w==

sort-object@^3.0.3:
  version "3.0.3"
  resolved "https://registry.npmjs.org/sort-object/-/sort-object-3.0.3.tgz"
  integrity sha512-nK7WOY8jik6zaG9CRwZTaD5O7ETWDLZYMM12pqY8htll+7dYeqGfEUPcUBHOpSJg2vJOrvFIY2Dl5cX2ih1hAQ==
  dependencies:
    bytewise "^1.1.0"
    get-value "^2.0.2"
    is-extendable "^0.1.1"
    sort-asc "^0.2.0"
    sort-desc "^0.2.0"
    union-value "^1.0.1"

shallowequal@1.1.0:
  version "1.1.0"
  resolved "https://registry.npmjs.org/shallowequal/-/shallowequal-1.1.0.tgz"
  integrity sha512-y0m1JoUZSlPAjXVtPPW70aZWfIL/dSP7AFkRnniLCrK/8MDKog3TySTBmckD+RObVxH0v4Tox67+F14PdED2oQ==

source-map-js@^1.0.2:
  version "1.0.2"
  resolved "https://registry.npmjs.org/source-map-js/-/source-map-js-1.0.2.tgz"
  integrity sha512-R0XvVJ9WusLiqTCEiGCmICCMplcCkIwwR11mOSD9CR5u+IXYdiseeEuXCVAjS54zqwkLcPNnmU4OeJ6tUrWhDw==

split-string@^3.0.1:
  version "3.1.0"
  resolved "https://registry.npmjs.org/split-string/-/split-string-3.1.0.tgz"
  integrity sha512-NzNVhJDYpwceVVii8/Hu6DKfD2G+NrQHlS/V/qgv763EYudVwEcMQNxd2lh+0VrUByXN/oJkl5grOhYWvQUYiw==
  dependencies:
    extend-shallow "^3.0.0"

streamsearch@^1.1.0:
  version "1.1.0"
  resolved "https://registry.npmjs.org/streamsearch/-/streamsearch-1.1.0.tgz"
  integrity sha512-Mcc5wHehp9aXz1ax6bZUyY5afg9u2rv5cqQI3mRrYkGC8rW2hM02jWuwjtL++LS5qinSyhj2QfLyNsuc+VsExg==

styled-components@^6.1.8:
  version "6.1.8"
  resolved "https://registry.npmjs.org/styled-components/-/styled-components-6.1.8.tgz"
  integrity sha512-PQ6Dn+QxlWyEGCKDS71NGsXoVLKfE1c3vApkvDYS5KAK+V8fNWGhbSUEo9Gg2iaID2tjLXegEW3bZDUGpofRWw==
  dependencies:
    "@emotion/is-prop-valid" "1.2.1"
    "@emotion/unitless" "0.8.0"
    "@types/stylis" "4.2.0"
    css-to-react-native "3.2.0"
    csstype "3.1.2"
    postcss "8.4.31"
    shallowequal "1.1.0"
    stylis "4.3.1"
    tslib "2.5.0"

styled-jsx@5.1.1:
  version "5.1.1"
  resolved "https://registry.npmjs.org/styled-jsx/-/styled-jsx-5.1.1.tgz"
  integrity sha512-pW7uC1l4mBZ8ugbiZrcIsiIvVx1UmTfw7UkC3Um2tmfUq9Bhk8IiyEIPl6F8agHgjzku6j0xQEZbfA5uSgSaCw==
  dependencies:
    client-only "0.0.1"

supercluster@^8.0.0:
  version "8.0.1"
  resolved "https://registry.npmjs.org/supercluster/-/supercluster-8.0.1.tgz"
  integrity sha512-IiOea5kJ9iqzD2t7QJq/cREyLHTtSmUT6gQsweojg9WH2sYJqZK9SswTu6jrscO6D1G5v5vYZ9ru/eq85lXeZQ==
  dependencies:
    kdbush "^4.0.2"

tinyqueue@^2.0.3:
  version "2.0.3"
  resolved "https://registry.npmjs.org/tinyqueue/-/tinyqueue-2.0.3.tgz"
  integrity sha512-ppJZNDuKGgxzkHihX8v9v9G5f+18gzaTfrukGrq6ueg0lmH4nqVnA2IPG0AEH3jKEk2GRJCUhDoqpoiw3PHLBA==

stylis@4.3.1:
  version "4.3.1"
  resolved "https://registry.npmjs.org/stylis/-/stylis-4.3.1.tgz"
  integrity sha512-EQepAV+wMsIaGVGX1RECzgrcqRRU/0sYOHkeLsZ3fzHaHXZy4DaOOX0vOlGQdlsjkh3mFHAIlVimpwAs4dslyQ==

tslib@^2.4.0:
  version "2.6.2"
  resolved "https://registry.npmjs.org/tslib/-/tslib-2.6.2.tgz"
  integrity sha512-AEYxH93jGFPn/a2iVAwW87VuUIkR1FVUKB77NwMF7nBTDkDrrT/Hpt/IrCJ0QXhW27jTBDcf5ZY7w6RiqTMw2Q==

tslib@2.5.0:
  version "2.5.0"
  resolved "https://registry.npmjs.org/tslib/-/tslib-2.5.0.tgz"
  integrity sha512-336iVw3rtn2BUK7ORdIAHTyxHGRIHVReokCR3XjbckJMK7ms8FysBfhLR8IXnAgy7T0PTPNBWKiH514FOW/WSg==

typescript@^5:
  version "5.3.3"
  resolved "https://registry.npmjs.org/typescript/-/typescript-5.3.3.tgz"
  integrity sha512-pXWcraxM0uxAS+tN0AG/BF2TyqmHO014Z070UsJ+pFvYuRSq8KH8DmWpnbXe0pEPDHXZV3FcAbJkijJ5oNEnWw==

typewise-core@^1.2, typewise-core@^1.2.0:
  version "1.2.0"
  resolved "https://registry.npmjs.org/typewise-core/-/typewise-core-1.2.0.tgz"
  integrity sha512-2SCC/WLzj2SbUwzFOzqMCkz5amXLlxtJqDKTICqg30x+2DZxcfZN2MvQZmGfXWKNWaKK9pBPsvkcwv8bF/gxKg==

typewise@^1.0.3:
  version "1.0.3"
  resolved "https://registry.npmjs.org/typewise/-/typewise-1.0.3.tgz"
  integrity sha512-aXofE06xGhaQSPzt8hlTY+/YWQhm9P0jYUp1f2XtmW/3Bk0qzXcyFWAtPoo2uTGQj1ZwbDuSyuxicq+aDo8lCQ==
  dependencies:
    typewise-core "^1.2.0"

undici-types@~5.26.4:
  version "5.26.5"
  resolved "https://registry.npmjs.org/undici-types/-/undici-types-5.26.5.tgz"
  integrity sha512-JlCMO+ehdEIKqlFxk6IfVoAUVmgz7cU7zD/h9XZ0qzeosSHmUJVOzSQvvYSYWXkFXC+IfLKSIffhv0sVZup6pA==

union-value@^1.0.1:
  version "1.0.1"
  resolved "https://registry.npmjs.org/union-value/-/union-value-1.0.1.tgz"
  integrity sha512-tJfXmxMeWYnczCVs7XAEvIV7ieppALdyepWMkHkwciRpZraG/xwT+s2JN8+pr1+8jCRf80FFzvr+MpQeeoF4Xg==
  dependencies:
    arr-union "^3.1.0"
    get-value "^2.0.6"
    is-extendable "^0.1.1"
    set-value "^2.0.1"

vt-pbf@^3.1.3:
  version "3.1.3"
  resolved "https://registry.npmjs.org/vt-pbf/-/vt-pbf-3.1.3.tgz"
  integrity sha512-2LzDFzt0mZKZ9IpVF2r69G9bXaP2Q2sArJCmcCgvfTdCCZzSyz4aCLoQyUilu37Ll56tCblIZrXFIjNUpGIlmA==
  dependencies:
    "@mapbox/point-geometry" "0.1.0"
    "@mapbox/vector-tile" "^1.3.1"
    pbf "^3.2.1"
